{
  "name": "signalk-ajrm-marine-pi-controller",
  "version": "0.5.10",
  "lockfileVersion": 3,
  "requires": true,
  "packages": {
    "": {
      "name": "signalk-ajrm-marine-pi-controller",
      "version": "0.5.10",
      "license": "AGPL-3.0-or-later",
      "engines": {
        "node": ">=18"
      }
    }
  }
}
